// !$*UTF8*$!
{
	archiveVersion = 1;
	classes = {
	};
	objectVersion = 55;
	objects = {

/* Begin PBXBuildFile section */
		5B35A8D227A5C82200C62A40 /* aboutViewController.swift in Sources */ = {isa = PBXBuildFile; fileRef = 5B35A8D127A5C82200C62A40 /* aboutViewController.swift */; };
		5B3A4FAD27A53B62001D420E /* AppDelegate.swift in Sources */ = {isa = PBXBuildFile; fileRef = 5B3A4FAC27A53B62001D420E /* AppDelegate.swift */; };
		5B3A4FAF27A53B62001D420E /* SceneDelegate.swift in Sources */ = {isa = PBXBuildFile; fileRef = 5B3A4FAE27A53B62001D420E /* SceneDelegate.swift */; };
		5B3A4FB127A53B62001D420E /* ViewController.swift in Sources */ = {isa = PBXBuildFile; fileRef = 5B3A4FB027A53B62001D420E /* ViewController.swift */; };
		5B3A4FB427A53B62001D420E /* Main.storyboard in Resources */ = {isa = PBXBuildFile; fileRef = 5B3A4FB227A53B62001D420E /* Main.storyboard */; };
		5B3A4FB627A53B63001D420E /* Assets.xcassets in Resources */ = {isa = PBXBuildFile; fileRef = 5B3A4FB527A53B63001D420E /* Assets.xcassets */; };
		5B3A4FB927A53B63001D420E /* LaunchScreen.storyboard in Resources */ = {isa = PBXBuildFile; fileRef = 5B3A4FB727A53B63001D420E /* LaunchScreen.storyboard */; };
		5B7BE1AF282450E0005C1CF8 /* .gitignore in Resources */ = {isa = PBXBuildFile; fileRef = 5B7BE1AE282450E0005C1CF8 /* .gitignore */; };
		5BA8BB8627A6803B00DCBD42 /* AboutAuthorViewController.swift in Sources */ = {isa = PBXBuildFile; fileRef = 5BA8BB8527A6803B00DCBD42 /* AboutAuthorViewController.swift */; };
		5BA8BB8827A6A40900DCBD42 /* BullsEye.html in Resources */ = {isa = PBXBuildFile; fileRef = 5BA8BB8727A6A40900DCBD42 /* BullsEye.html */; };
/* End PBXBuildFile section */

/* Begin PBXFileReference section */
		5B35A8D127A5C82200C62A40 /* aboutViewController.swift */ = {isa = PBXFileReference; lastKnownFileType = sourcecode.swift; path = aboutViewController.swift; sourceTree = "<group>"; };
		5B3A4FA927A53B62001D420E /* BullsEye.app */ = {isa = PBXFileReference; explicitFileType = wrapper.application; includeInIndex = 0; path = BullsEye.app; sourceTree = BUILT_PRODUCTS_DIR; };
		5B3A4FAC27A53B62001D420E /* AppDelegate.swift */ = {isa = PBXFileReference; lastKnownFileType = sourcecode.swift; path = AppDelegate.swift; sourceTree = "<group>"; };
		5B3A4FAE27A53B62001D420E /* SceneDelegate.swift */ = {isa = PBXFileReference; lastKnownFileType = sourcecode.swift; path = SceneDelegate.swift; sourceTree = "<group>"; };
		5B3A4FB027A53B62001D420E /* ViewController.swift */ = {isa = PBXFileReference; lastKnownFileType = sourcecode.swift; path = ViewController.swift; sourceTree = "<group>"; };
		5B3A4FB327A53B62001D420E /* Base */ = {isa = PBXFileReference; lastKnownFileType = file.storyboard; name = Base; path = Base.lproj/Main.storyboard; sourceTree = "<group>"; };
		5B3A4FB527A53B63001D420E /* Assets.xcassets */ = {isa = PBXFileReference; lastKnownFileType = folder.assetcatalog; path = Assets.xcassets; sourceTree = "<group>"; };
		5B3A4FB827A53B63001D420E /* Base */ = {isa = PBXFileReference; lastKnownFileType = file.storyboard; name = Base; path = Base.lproj/LaunchScreen.storyboard; sourceTree = "<group>"; };
		5B3A4FBA27A53B63001D420E /* Info.plist */ = {isa = PBXFileReference; lastKnownFileType = text.plist.xml; path = Info.plist; sourceTree = "<group>"; };
		5B7BE1AE282450E0005C1CF8 /* .gitignore */ = {isa = PBXFileReference; lastKnownFileType = text; path = .gitignore; sourceTree = "<group>"; };
		5BA8BB8527A6803B00DCBD42 /* AboutAuthorViewController.swift */ = {isa = PBXFileReference; lastKnownFileType = sourcecode.swift; path = AboutAuthorViewController.swift; sourceTree = "<group>"; };
		5BA8BB8727A6A40900DCBD42 /* BullsEye.html */ = {isa = PBXFileReference; fileEncoding = 4; lastKnownFileType = text.html; path = BullsEye.html; sourceTree = "<group>"; };
/* End PBXFileReference section */

/* Begin PBXFrameworksBuildPhase section */
		5B3A4FA627A53B62001D420E /* Frameworks */ = {
			isa = PBXFrameworksBuildPhase;
			buildActionMask = 2147483647;
			files = (
			);
			runOnlyForDeploymentPostprocessing = 0;
		};
/* End PBXFrameworksBuildPhase section */

/* Begin PBXGroup section */
		5B3A4FA027A53B62001D420E = {
			isa = PBXGroup;
			children = (
				5B7BE1AE282450E0005C1CF8 /* .gitignore */,
				5B3A4FAB27A53B62001D420E /* BullsEye */,
				5B3A4FAA27A53B62001D420E /* Products */,
			);
			sourceTree = "<group>";
		};
		5B3A4FAA27A53B62001D420E /* Products */ = {
			isa = PBXGroup;
			children = (
				5B3A4FA927A53B62001D420E /* BullsEye.app */,
			);
			name = Products;
			sourceTree = "<group>";
		};
		5B3A4FAB27A53B62001D420E /* BullsEye */ = {
			isa = PBXGroup;
			children = (
				5B3A4FAC27A53B62001D420E /* AppDelegate.swift */,
				5B3A4FAE27A53B62001D420E /* SceneDelegate.swift */,
				5B3A4FB027A53B62001D420E /* ViewController.swift */,
				5B35A8D127A5C82200C62A40 /* aboutViewController.swift */,
				5BA8BB8527A6803B00DCBD42 /* AboutAuthorViewController.swift */,
				5B3A4FB227A53B62001D420E /* Main.storyboard */,
				5B3A4FB527A53B63001D420E /* Assets.xcassets */,
				5B3A4FB727A53B63001D420E /* LaunchScreen.storyboard */,
				5BA8BB8727A6A40900DCBD42 /* BullsEye.html */,
				5B3A4FBA27A53B63001D420E /* Info.plist */,
			);
			path = BullsEye;
			sourceTree = "<group>";
		};
/* End PBXGroup section */

/* Begin PBXNativeTarget section */
		5B3A4FA827A53B62001D420E /* BullsEye */ = {
			isa = PBXNativeTarget;
			buildConfigurationList = 5B3A4FBD27A53B63001D420E /* Build configuration list for PBXNativeTarget "BullsEye" */;
			buildPhases = (
				5B3A4FA527A53B62001D420E /* Sources */,
				5B3A4FA627A53B62001D420E /* Frameworks */,
				5B3A4FA727A53B62001D420E /* Resources */,
			);
			buildRules = (
			);
			dependencies = (
			);
			name = BullsEye;
			productName = BullsEye;
			productReference = 5B3A4FA927A53B62001D420E /* BullsEye.app */;
			productType = "com.apple.product-type.application";
		};
/* End PBXNativeTarget section */

/* Begin PBXProject section */
		5B3A4FA127A53B62001D420E /* Project object */ = {
			isa = PBXProject;
			attributes = {
				BuildIndependentTargetsInParallel = 1;
				LastSwiftUpdateCheck = 1320;
				LastUpgradeCheck = 1320;
				TargetAttributes = {
					5B3A4FA827A53B62001D420E = {
						CreatedOnToolsVersion = 13.2.1;
					};
				};
			};
			buildConfigurationList = 5B3A4FA427A53B62001D420E /* Build configuration list for PBXProject "BullsEye" */;
			compatibilityVersion = "Xcode 13.0";
			developmentRegion = en;
			hasScannedForEncodings = 0;
			knownRegions = (
				en,
				Base,
			);
			mainGroup = 5B3A4FA027A53B62001D420E;
			productRefGroup = 5B3A4FAA27A53B62001D420E /* Products */;
			projectDirPath = "";
			projectRoot = "";
			targets = (
				5B3A4FA827A53B62001D420E /* BullsEye */,
			);
		};
/* End PBXProject section */

/* Begin PBXResourcesBuildPhase section */
		5B3A4FA727A53B62001D420E /* Resources */ = {
			isa = PBXResourcesBuildPhase;
			buildActionMask = 2147483647;
			files = (
				5B7BE1AF282450E0005C1CF8 /* .gitignore in Resources */,
				5B3A4FB927A53B63001D420E /* LaunchScreen.storyboard in Resources */,
				5BA8BB8827A6A40900DCBD42 /* BullsEye.html in Resources */,
				5B3A4FB627A53B63001D420E /* Assets.xcassets in Resources */,
				5B3A4FB427A53B62001D420E /* Main.storyboard in Resources */,
			);
			runOnlyForDeploymentPostprocessing = 0;
		};
/* End PBXResourcesBuildPhase section */

/* Begin PBXSourcesBuildPhase section */
		5B3A4FA527A53B62001D420E /* Sources */ = {
			isa = PBXSourcesBuildPhase;
			buildActionMask = 2147483647;
			files = (
				5B3A4FB127A53B62001D420E /* ViewController.swift in Sources */,
				5B3A4FAD27A53B62001D420E /* AppDelegate.swift in Sources */,
				5B35A8D227A5C82200C62A40 /* aboutViewController.swift in Sources */,
				5B3A4FAF27A53B62001D420E /* SceneDelegate.swift in Sources */,
				5BA8BB8627A6803B00DCBD42 /* AboutAuthorViewController.swift in Sources */,
			);
			runOnlyForDeploymentPostprocessing = 0;
		};
/* End PBXSourcesBuildPhase section */

/* Begin PBXVariantGroup section */
		5B3A4FB227A53B62001D420E /* Main.storyboard */ = {
			isa = PBXVariantGroup;
			children = (
				5B3A4FB327A53B62001D420E /* Base */,
			);
			name = Main.storyboard;
			sourceTree = "<group>";
		};
		5B3A4FB727A53B63001D420E /* LaunchScreen.storyboard */ = {
			isa = PBXVariantGroup;
			children = (
				5B3A4FB827A53B63001D420E /* Base */,
			);
			name = LaunchScreen.storyboard;
			sourceTree = "<group>";
		};
/* End PBXVariantGroup section */

/* Begin XCBuildConfiguration section */
		5B3A4FBB27A53B63001D420E /* Debug */ = {
			isa = XCBuildConfiguration;
			buildSettings = {
				ALWAYS_SEARCH_USER_PATHS = NO;
				CLANG_ANALYZER_NONNULL = YES;
				CLANG_ANALYZER_NUMBER_OBJECT_CONVERSION = YES_AGGRESSIVE;
				CLANG_CXX_LANGUAGE_STANDARD = "gnu++17";
				CLANG_CXX_LIBRARY = "libc++";
				CLANG_ENABLE_MODULES = YES;
				CLANG_ENABLE_OBJC_ARC = YES;
				CLANG_ENABLE_OBJC_WEAK = YES;
				CLANG_WARN_BLOCK_CAPTURE_AUTORELEASING = YES;
				CLANG_WARN_BOOL_CONVERSION = YES;
				CLANG_WARN_COMMA = YES;
				CLANG_WARN_CONSTANT_CONVERSION = YES;
				CLANG_WARN_DEPRECATED_OBJC_IMPLEMENTATIONS = YES;
				CLANG_WARN_DIRECT_OBJC_ISA_USAGE = YES_ERROR;
				CLANG_WARN_DOCUMENTATION_COMMENTS = YES;
				CLANG_WARN_EMPTY_BODY = YES;
				CLANG_WARN_ENUM_CONVERSION = YES;
				CLANG_WARN_INFINITE_RECURSION = YES;
				CLANG_WARN_INT_CONVERSION = YES;
				CLANG_WARN_NON_LITERAL_NULL_CONVERSION = YES;
				CLANG_WARN_OBJC_IMPLICIT_RETAIN_SELF = YES;
				CLANG_WARN_OBJC_LITERAL_CONVERSION = YES;
				CLANG_WARN_OBJC_ROOT_CLASS = YES_ERROR;
				CLANG_WARN_QUOTED_INCLUDE_IN_FRAMEWORK_HEADER = YES;
				CLANG_WARN_RANGE_LOOP_ANALYSIS = YES;
				CLANG_WARN_STRICT_PROTOTYPES = YES;
				CLANG_WARN_SUSPICIOUS_MOVE = YES;
				CLANG_WARN_UNGUARDED_AVAILABILITY = YES_AGGRESSIVE;
				CLANG_WARN_UNREACHABLE_CODE = YES;
				CLANG_WARN__DUPLICATE_METHOD_MATCH = YES;
				COPY_PHASE_STRIP = NO;
				DEBUG_INFORMATION_FORMAT = dwarf;
				ENABLE_STRICT_OBJC_MSGSEND = YES;
				ENABLE_TESTABILITY = YES;
				GCC_C_LANGUAGE_STANDARD = gnu11;
				GCC_DYNAMIC_NO_PIC = NO;
				GCC_NO_COMMON_BLOCKS = YES;
				GCC_OPTIMIZATION_LEVEL = 0;
				GCC_PREPROCESSOR_DEFINITIONS = (
					"DEBUG=1",
					"$(inherited)",
				);
				GCC_WARN_64_TO_32_BIT_CONVERSION = YES;
				GCC_WARN_ABOUT_RETURN_TYPE = YES_ERROR;
				GCC_WARN_UNDECLARED_SELECTOR = YES;
				GCC_WARN_UNINITIALIZED_AUTOS = YES_AGGRESSIVE;
				GCC_WARN_UNUSED_FUNCTION = YES;
				GCC_WARN_UNUSED_VARIABLE = YES;
				IPHONEOS_DEPLOYMENT_TARGET = 15.2;
				MTL_ENABLE_DEBUG_INFO = INCLUDE_SOURCE;
				MTL_FAST_MATH = YES;
				ONLY_ACTIVE_ARCH = YES;
				SDKROOT = iphoneos;
				SWIFT_ACTIVE_COMPILATION_CONDITIONS = DEBUG;
				SWIFT_OPTIMIZATION_LEVEL = "-Onone";
			};
			name = Debug;
		};
		5B3A4FBC27A53B63001D420E /* Release */ = {
			isa = XCBuildConfiguration;
			buildSettings = {
				ALWAYS_SEARCH_USER_PATHS = NO;
				CLANG_ANALYZER_NONNULL = YES;
				CLANG_ANALYZER_NUMBER_OBJECT_CONVERSION = YES_AGGRESSIVE;
				CLANG_CXX_LANGUAGE_STANDARD = "gnu++17";
				CLANG_CXX_LIBRARY = "libc++";
				CLANG_ENABLE_MODULES = YES;
				CLANG_ENABLE_OBJC_ARC = YES;
				CLANG_ENABLE_OBJC_WEAK = YES;
				CLANG_WARN_BLOCK_CAPTURE_AUTORELEASING = YES;
				CLANG_WARN_BOOL_CONVERSION = YES;
				CLANG_WARN_COMMA = YES;
				CLANG_WARN_CONSTANT_CONVERSION = YES;
				CLANG_WARN_DEPRECATED_OBJC_IMPLEMENTATIONS = YES;
				CLANG_WARN_DIRECT_OBJC_ISA_USAGE = YES_ERROR;
				CLANG_WARN_DOCUMENTATION_COMMENTS = YES;
				CLANG_WARN_EMPTY_BODY = YES;
				CLANG_WARN_ENUM_CONVERSION = YES;
				CLANG_WARN_INFINITE_RECURSION = YES;
				CLANG_WARN_INT_CONVERSION = YES;
				CLANG_WARN_NON_LITERAL_NULL_CONVERSION = YES;
				CLANG_WARN_OBJC_IMPLICIT_RETAIN_SELF = YES;
				CLANG_WARN_OBJC_LITERAL_CONVERSION = YES;
				CLANG_WARN_OBJC_ROOT_CLASS = YES_ERROR;
				CLANG_WARN_QUOTED_INCLUDE_IN_FRAMEWORK_HEADER = YES;
				CLANG_WARN_RANGE_LOOP_ANALYSIS = YES;
				CLANG_WARN_STRICT_PROTOTYPES = YES;
				CLANG_WARN_SUSPICIOUS_MOVE = YES;
				CLANG_WARN_UNGUARDED_AVAILABILITY = YES_AGGRESSIVE;
				CLANG_WARN_UNREACHABLE_CODE = YES;
				CLANG_WARN__DUPLICATE_METHOD_MATCH = YES;
				COPY_PHASE_STRIP = NO;
				DEBUG_INFORMATION_FORMAT = "dwarf-with-dsym";
				ENABLE_NS_ASSERTIONS = NO;
				ENABLE_STRICT_OBJC_MSGSEND = YES;
				GCC_C_LANGUAGE_STANDARD = gnu11;
				GCC_NO_COMMON_BLOCKS = YES;
				GCC_WARN_64_TO_32_BIT_CONVERSION = YES;
				GCC_WARN_ABOUT_RETURN_TYPE = YES_ERROR;
				GCC_WARN_UNDECLARED_SELECTOR = YES;
				GCC_WARN_UNINITIALIZED_AUTOS = YES_AGGRESSIVE;
				GCC_WARN_UNUSED_FUNCTION = YES;
				GCC_WARN_UNUSED_VARIABLE = YES;
				IPHONEOS_DEPLOYMENT_TARGET = 15.2;
				MTL_ENABLE_DEBUG_INFO = NO;
				MTL_FAST_MATH = YES;
				SDKROOT = iphoneos;
				SWIFT_COMPILATION_MODE = wholemodule;
				SWIFT_OPTIMIZATION_LEVEL = "-O";
				VALIDATE_PRODUCT = YES;
			};
			name = Release;
		};
		5B3A4FBE27A53B63001D420E /* Debug */ = {
			isa = XCBuildConfiguration;
			buildSettings = {
				ASSETCATALOG_COMPILER_APPICON_NAME = AppIcon;
				ASSETCATALOG_COMPILER_GLOBAL_ACCENT_COLOR_NAME = AccentColor;
				CODE_SIGN_STYLE = Automatic;
				CURRENT_PROJECT_VERSION = 1;
				DEVELOPMENT_TEAM = KL9Y7R8H95;
				GENERATE_INFOPLIST_FILE = YES;
				INFOPLIST_FILE = BullsEye/Info.plist;
				INFOPLIST_KEY_CFBundleDisplayName = "Найди число!";
				INFOPLIST_KEY_UIApplicationSupportsIndirectInputEvents = YES;
				INFOPLIST_KEY_UILaunchStoryboardName = LaunchScreen;
				INFOPLIST_KEY_UIMainStoryboardFile = Main;
				INFOPLIST_KEY_UIStatusBarHidden = YES;
				INFOPLIST_KEY_UISupportedInterfaceOrientations = UIInterfaceOrientationLandscapeLeft;
				INFOPLIST_KEY_UISupportedInterfaceOrientations_iPad = "UIInterfaceOrientationPortrait UIInterfaceOrientationPortraitUpsideDown UIInterfaceOrientationLandscapeLeft UIInterfaceOrientationLandscapeRight";
				INFOPLIST_KEY_UISupportedInterfaceOrientations_iPhone = "UIInterfaceOrientationPortrait UIInterfaceOrientationLandscapeLeft UIInterfaceOrientationLandscapeRight";
				IPHONEOS_DEPLOYMENT_TARGET = 15.2;
				LD_RUNPATH_SEARCH_PATHS = (
					"$(inherited)",
					"@executable_path/Frameworks",
				);
				MARKETING_VERSION = 1.0;
				PRODUCT_BUNDLE_IDENTIFIER = Pusmall.BullsEye;
				PRODUCT_NAME = "$(TARGET_NAME)";
				SWIFT_EMIT_LOC_STRINGS = YES;
				SWIFT_VERSION = 5.0;
				TARGETED_DEVICE_FAMILY = 1;
			};
			name = Debug;
		};
		5B3A4FBF27A53B63001D420E /* Release */ = {
			isa = XCBuildConfiguration;
			buildSettings = {
				ASSETCATALOG_COMPILER_APPICON_NAME = AppIcon;
				ASSETCATALOG_COMPILER_GLOBAL_ACCENT_COLOR_NAME = AccentColor;
				CODE_SIGN_STYLE = Automatic;
				CURRENT_PROJECT_VERSION = 1;
				DEVELOPMENT_TEAM = KL9Y7R8H95;
				GENERATE_INFOPLIST_FILE = YES;
				INFOPLIST_FILE = BullsEye/Info.plist;
				INFOPLIST_KEY_CFBundleDisplayName = "Найди число!";
				INFOPLIST_KEY_UIApplicationSupportsIndirectInputEvents = YES;
				INFOPLIST_KEY_UILaunchStoryboardName = LaunchScreen;
				INFOPLIST_KEY_UIMainStoryboardFile = Main;
				INFOPLIST_KEY_UIStatusBarHidden = YES;
				INFOPLIST_KEY_UISupportedInterfaceOrientations = UIInterfaceOrientationLandscapeLeft;
				INFOPLIST_KEY_UISupportedInterfaceOrientations_iPad = "UIInterfaceOrientationPortrait UIInterfaceOrientationPortraitUpsideDown UIInterfaceOrientationLandscapeLeft UIInterfaceOrientationLandscapeRight";
				INFOPLIST_KEY_UISupportedInterfaceOrientations_iPhone = "UIInterfaceOrientationPortrait UIInterfaceOrientationLandscapeLeft UIInterfaceOrientationLandscapeRight";
				IPHONEOS_DEPLOYMENT_TARGET = 15.2;
				LD_RUNPATH_SEARCH_PATHS = (
					"$(inherited)",
					"@executable_path/Frameworks",
				);
				MARKETING_VERSION = 1.0;
				PRODUCT_BUNDLE_IDENTIFIER = Pusmall.BullsEye;
				PRODUCT_NAME = "$(TARGET_NAME)";
				SWIFT_EMIT_LOC_STRINGS = YES;
				SWIFT_VERSION = 5.0;
				TARGETED_DEVICE_FAMILY = 1;
			};
			name = Release;
		};
/* End XCBuildConfiguration section */

/* Begin XCConfigurationList section */
		5B3A4FA427A53B62001D420E /* Build configuration list for PBXProject "BullsEye" */ = {
			isa = XCConfigurationList;
			buildConfigurations = (
				5B3A4FBB27A53B63001D420E /* Debug */,
				5B3A4FBC27A53B63001D420E /* Release */,
			);
			defaultConfigurationIsVisible = 0;
			defaultConfigurationName = Release;
		};
		5B3A4FBD27A53B63001D420E /* Build configuration list for PBXNativeTarget "BullsEye" */ = {
			isa = XCConfigurationList;
			buildConfigurations = (
				5B3A4FBE27A53B63001D420E /* Debug */,
				5B3A4FBF27A53B63001D420E /* Release */,
			);
			defaultConfigurationIsVisible = 0;
			defaultConfigurationName = Release;
		};
/* End XCConfigurationList section */
	};
	rootObject = 5B3A4FA127A53B62001D420E /* Project object */;
}
